// !$*UTF8*$!
{
	archiveVersion = 1;
	classes = {
	};
	objectVersion = 46;
	objects = {

/* Begin PBXBuildFile section */
		281C004718B2FF0B0020C962 /* Foundation.framework in Frameworks */ = {isa = PBXBuildFile; fileRef = 281C004618B2FF0B0020C962 /* Foundation.framework */; };
		281C004918B2FF0B0020C962 /* CoreGraphics.framework in Frameworks */ = {isa = PBXBuildFile; fileRef = 281C004818B2FF0B0020C962 /* CoreGraphics.framework */; };
		281C004B18B2FF0B0020C962 /* UIKit.framework in Frameworks */ = {isa = PBXBuildFile; fileRef = 281C004A18B2FF0B0020C962 /* UIKit.framework */; };
		281C005118B2FF0B0020C962 /* InfoPlist.strings in Resources */ = {isa = PBXBuildFile; fileRef = 281C004F18B2FF0B0020C962 /* InfoPlist.strings */; };
		281C005318B2FF0B0020C962 /* main.m in Sources */ = {isa = PBXBuildFile; fileRef = 281C005218B2FF0B0020C962 /* main.m */; };
		281C005718B2FF0B0020C962 /* AppDelegate.m in Sources */ = {isa = PBXBuildFile; fileRef = 281C005618B2FF0B0020C962 /* AppDelegate.m */; };
		281C005918B2FF0B0020C962 /* Images.xcassets in Resources */ = {isa = PBXBuildFile; fileRef = 281C005818B2FF0B0020C962 /* Images.xcassets */; };
		281C006018B2FF0B0020C962 /* XCTest.framework in Frameworks */ = {isa = PBXBuildFile; fileRef = 281C005F18B2FF0B0020C962 /* XCTest.framework */; };
		281C006118B2FF0B0020C962 /* Foundation.framework in Frameworks */ = {isa = PBXBuildFile; fileRef = 281C004618B2FF0B0020C962 /* Foundation.framework */; };
		281C006218B2FF0B0020C962 /* UIKit.framework in Frameworks */ = {isa = PBXBuildFile; fileRef = 281C004A18B2FF0B0020C962 /* UIKit.framework */; };
		281C006A18B2FF0B0020C962 /* InfoPlist.strings in Resources */ = {isa = PBXBuildFile; fileRef = 281C006818B2FF0B0020C962 /* InfoPlist.strings */; };
		281C006C18B2FF0B0020C962 /* SampleTests.m in Sources */ = {isa = PBXBuildFile; fileRef = 281C006B18B2FF0B0020C962 /* SampleTests.m */; };
		281C007B18B2FFDC0020C962 /* MainViewController.m in Sources */ = {isa = PBXBuildFile; fileRef = 281C007918B2FFDC0020C962 /* MainViewController.m */; };
		281C007C18B2FFDC0020C962 /* MainViewController.xib in Resources */ = {isa = PBXBuildFile; fileRef = 281C007A18B2FFDC0020C962 /* MainViewController.xib */; };
		28442C2F18B3034A00001CD7 /* CoreTelephony.framework in Frameworks */ = {isa = PBXBuildFile; fileRef = 28442C2E18B3034A00001CD7 /* CoreTelephony.framework */; };
		28442C3118B3035000001CD7 /* AdSupport.framework in Frameworks */ = {isa = PBXBuildFile; fileRef = 28442C3018B3035000001CD7 /* AdSupport.framework */; };
		28442C3318B3037100001CD7 /* SystemConfiguration.framework in Frameworks */ = {isa = PBXBuildFile; fileRef = 28442C3218B3037100001CD7 /* SystemConfiguration.framework */; };
		6EAA8AE38A726DB3EA37D665 /* libPods-Sample.a in Frameworks */ = {isa = PBXBuildFile; fileRef = CAFD63F0835020E34C08E5B7 /* libPods-Sample.a */; };
/* End PBXBuildFile section */

/* Begin PBXContainerItemProxy section */
		281C006318B2FF0B0020C962 /* PBXContainerItemProxy */ = {
			isa = PBXContainerItemProxy;
			containerPortal = 281C003B18B2FF0B0020C962 /* Project object */;
			proxyType = 1;
			remoteGlobalIDString = 281C004218B2FF0B0020C962;
			remoteInfo = Sample;
		};
/* End PBXContainerItemProxy section */

/* Begin PBXFileReference section */
		26DBD966F4B5E7D82C2CA6E4 /* Pods-Sample.debug.xcconfig */ = {isa = PBXFileReference; includeInIndex = 1; lastKnownFileType = text.xcconfig; name = "Pods-Sample.debug.xcconfig"; path = "Pods/Target Support Files/Pods-Sample/Pods-Sample.debug.xcconfig"; sourceTree = "<group>"; };
		281C004318B2FF0B0020C962 /* Sample.app */ = {isa = PBXFileReference; explicitFileType = wrapper.application; includeInIndex = 0; path = Sample.app; sourceTree = BUILT_PRODUCTS_DIR; };
		281C004618B2FF0B0020C962 /* Foundation.framework */ = {isa = PBXFileReference; lastKnownFileType = wrapper.framework; name = Foundation.framework; path = System/Library/Frameworks/Foundation.framework; sourceTree = SDKROOT; };
		281C004818B2FF0B0020C962 /* CoreGraphics.framework */ = {isa = PBXFileReference; lastKnownFileType = wrapper.framework; name = CoreGraphics.framework; path = System/Library/Frameworks/CoreGraphics.framework; sourceTree = SDKROOT; };
		281C004A18B2FF0B0020C962 /* UIKit.framework */ = {isa = PBXFileReference; lastKnownFileType = wrapper.framework; name = UIKit.framework; path = System/Library/Frameworks/UIKit.framework; sourceTree = SDKROOT; };
		281C004E18B2FF0B0020C962 /* Sample-Info.plist */ = {isa = PBXFileReference; lastKnownFileType = text.plist.xml; path = "Sample-Info.plist"; sourceTree = "<group>"; };
		281C005018B2FF0B0020C962 /* en */ = {isa = PBXFileReference; lastKnownFileType = text.plist.strings; name = en; path = en.lproj/InfoPlist.strings; sourceTree = "<group>"; };
		281C005218B2FF0B0020C962 /* main.m */ = {isa = PBXFileReference; lastKnownFileType = sourcecode.c.objc; path = main.m; sourceTree = "<group>"; };
		281C005418B2FF0B0020C962 /* Sample-Prefix.pch */ = {isa = PBXFileReference; lastKnownFileType = sourcecode.c.h; path = "Sample-Prefix.pch"; sourceTree = "<group>"; };
		281C005518B2FF0B0020C962 /* AppDelegate.h */ = {isa = PBXFileReference; lastKnownFileType = sourcecode.c.h; path = AppDelegate.h; sourceTree = "<group>"; };
		281C005618B2FF0B0020C962 /* AppDelegate.m */ = {isa = PBXFileReference; lastKnownFileType = sourcecode.c.objc; path = AppDelegate.m; sourceTree = "<group>"; };
		281C005818B2FF0B0020C962 /* Images.xcassets */ = {isa = PBXFileReference; lastKnownFileType = folder.assetcatalog; path = Images.xcassets; sourceTree = "<group>"; };
		281C005E18B2FF0B0020C962 /* SampleTests.xctest */ = {isa = PBXFileReference; explicitFileType = wrapper.cfbundle; includeInIndex = 0; path = SampleTests.xctest; sourceTree = BUILT_PRODUCTS_DIR; };
		281C005F18B2FF0B0020C962 /* XCTest.framework */ = {isa = PBXFileReference; lastKnownFileType = wrapper.framework; name = XCTest.framework; path = Library/Frameworks/XCTest.framework; sourceTree = DEVELOPER_DIR; };
		281C006718B2FF0B0020C962 /* SampleTests-Info.plist */ = {isa = PBXFileReference; lastKnownFileType = text.plist.xml; path = "SampleTests-Info.plist"; sourceTree = "<group>"; };
		281C006918B2FF0B0020C962 /* en */ = {isa = PBXFileReference; lastKnownFileType = text.plist.strings; name = en; path = en.lproj/InfoPlist.strings; sourceTree = "<group>"; };
		281C006B18B2FF0B0020C962 /* SampleTests.m */ = {isa = PBXFileReference; lastKnownFileType = sourcecode.c.objc; path = SampleTests.m; sourceTree = "<group>"; };
		281C007818B2FFDC0020C962 /* MainViewController.h */ = {isa = PBXFileReference; fileEncoding = 4; lastKnownFileType = sourcecode.c.h; path = MainViewController.h; sourceTree = "<group>"; };
		281C007918B2FFDC0020C962 /* MainViewController.m */ = {isa = PBXFileReference; fileEncoding = 4; lastKnownFileType = sourcecode.c.objc; path = MainViewController.m; sourceTree = "<group>"; };
		281C007A18B2FFDC0020C962 /* MainViewController.xib */ = {isa = PBXFileReference; fileEncoding = 4; lastKnownFileType = file.xib; path = MainViewController.xib; sourceTree = "<group>"; };
		28442C2E18B3034A00001CD7 /* CoreTelephony.framework */ = {isa = PBXFileReference; lastKnownFileType = wrapper.framework; name = CoreTelephony.framework; path = System/Library/Frameworks/CoreTelephony.framework; sourceTree = SDKROOT; };
		28442C3018B3035000001CD7 /* AdSupport.framework */ = {isa = PBXFileReference; lastKnownFileType = wrapper.framework; name = AdSupport.framework; path = System/Library/Frameworks/AdSupport.framework; sourceTree = SDKROOT; };
		28442C3218B3037100001CD7 /* SystemConfiguration.framework */ = {isa = PBXFileReference; lastKnownFileType = wrapper.framework; name = SystemConfiguration.framework; path = System/Library/Frameworks/SystemConfiguration.framework; sourceTree = SDKROOT; };
		590AD77950BA4EE08E31DB4D /* Pods-Sample.release.xcconfig */ = {isa = PBXFileReference; includeInIndex = 1; lastKnownFileType = text.xcconfig; name = "Pods-Sample.release.xcconfig"; path = "Pods/Target Support Files/Pods-Sample/Pods-Sample.release.xcconfig"; sourceTree = "<group>"; };
		CAFD63F0835020E34C08E5B7 /* libPods-Sample.a */ = {isa = PBXFileReference; explicitFileType = archive.ar; includeInIndex = 0; path = "libPods-Sample.a"; sourceTree = BUILT_PRODUCTS_DIR; };
/* End PBXFileReference section */

/* Begin PBXFrameworksBuildPhase section */
		281C004018B2FF0B0020C962 /* Frameworks */ = {
			isa = PBXFrameworksBuildPhase;
			buildActionMask = 2147483647;
			files = (
				28442C3318B3037100001CD7 /* SystemConfiguration.framework in Frameworks */,
				28442C3118B3035000001CD7 /* AdSupport.framework in Frameworks */,
				28442C2F18B3034A00001CD7 /* CoreTelephony.framework in Frameworks */,
				281C004918B2FF0B0020C962 /* CoreGraphics.framework in Frameworks */,
				281C004B18B2FF0B0020C962 /* UIKit.framework in Frameworks */,
				281C004718B2FF0B0020C962 /* Foundation.framework in Frameworks */,
				6EAA8AE38A726DB3EA37D665 /* libPods-Sample.a in Frameworks */,
			);
			runOnlyForDeploymentPostprocessing = 0;
		};
		281C005B18B2FF0B0020C962 /* Frameworks */ = {
			isa = PBXFrameworksBuildPhase;
			buildActionMask = 2147483647;
			files = (
				281C006018B2FF0B0020C962 /* XCTest.framework in Frameworks */,
				281C006218B2FF0B0020C962 /* UIKit.framework in Frameworks */,
				281C006118B2FF0B0020C962 /* Foundation.framework in Frameworks */,
			);
			runOnlyForDeploymentPostprocessing = 0;
		};
/* End PBXFrameworksBuildPhase section */

/* Begin PBXGroup section */
		2505DE87ED3EF4A0E15D0278 /* Pods */ = {
			isa = PBXGroup;
			children = (
				26DBD966F4B5E7D82C2CA6E4 /* Pods-Sample.debug.xcconfig */,
				590AD77950BA4EE08E31DB4D /* Pods-Sample.release.xcconfig */,
			);
			name = Pods;
			sourceTree = "<group>";
		};
		281C003A18B2FF0B0020C962 = {
			isa = PBXGroup;
			children = (
				281C004C18B2FF0B0020C962 /* Sample */,
				281C006518B2FF0B0020C962 /* SampleTests */,
				281C004518B2FF0B0020C962 /* Frameworks */,
				281C004418B2FF0B0020C962 /* Products */,
				2505DE87ED3EF4A0E15D0278 /* Pods */,
			);
			sourceTree = "<group>";
		};
		281C004418B2FF0B0020C962 /* Products */ = {
			isa = PBXGroup;
			children = (
				281C004318B2FF0B0020C962 /* Sample.app */,
				281C005E18B2FF0B0020C962 /* SampleTests.xctest */,
			);
			name = Products;
			sourceTree = "<group>";
		};
		281C004518B2FF0B0020C962 /* Frameworks */ = {
			isa = PBXGroup;
			children = (
				28442C3218B3037100001CD7 /* SystemConfiguration.framework */,
				28442C3018B3035000001CD7 /* AdSupport.framework */,
				28442C2E18B3034A00001CD7 /* CoreTelephony.framework */,
				281C004618B2FF0B0020C962 /* Foundation.framework */,
				281C004818B2FF0B0020C962 /* CoreGraphics.framework */,
				281C004A18B2FF0B0020C962 /* UIKit.framework */,
				281C005F18B2FF0B0020C962 /* XCTest.framework */,
				CAFD63F0835020E34C08E5B7 /* libPods-Sample.a */,
			);
			name = Frameworks;
			sourceTree = "<group>";
		};
		281C004C18B2FF0B0020C962 /* Sample */ = {
			isa = PBXGroup;
			children = (
				281C005518B2FF0B0020C962 /* AppDelegate.h */,
				281C005618B2FF0B0020C962 /* AppDelegate.m */,
				281C005818B2FF0B0020C962 /* Images.xcassets */,
				281C004D18B2FF0B0020C962 /* Supporting Files */,
				281C007818B2FFDC0020C962 /* MainViewController.h */,
				281C007918B2FFDC0020C962 /* MainViewController.m */,
				281C007A18B2FFDC0020C962 /* MainViewController.xib */,
			);
			path = Sample;
			sourceTree = "<group>";
		};
		281C004D18B2FF0B0020C962 /* Supporting Files */ = {
			isa = PBXGroup;
			children = (
				281C004E18B2FF0B0020C962 /* Sample-Info.plist */,
				281C004F18B2FF0B0020C962 /* InfoPlist.strings */,
				281C005218B2FF0B0020C962 /* main.m */,
				281C005418B2FF0B0020C962 /* Sample-Prefix.pch */,
			);
			name = "Supporting Files";
			sourceTree = "<group>";
		};
		281C006518B2FF0B0020C962 /* SampleTests */ = {
			isa = PBXGroup;
			children = (
				281C006B18B2FF0B0020C962 /* SampleTests.m */,
				281C006618B2FF0B0020C962 /* Supporting Files */,
			);
			path = SampleTests;
			sourceTree = "<group>";
		};
		281C006618B2FF0B0020C962 /* Supporting Files */ = {
			isa = PBXGroup;
			children = (
				281C006718B2FF0B0020C962 /* SampleTests-Info.plist */,
				281C006818B2FF0B0020C962 /* InfoPlist.strings */,
			);
			name = "Supporting Files";
			sourceTree = "<group>";
		};
/* End PBXGroup section */

/* Begin PBXNativeTarget section */
		281C004218B2FF0B0020C962 /* Sample */ = {
			isa = PBXNativeTarget;
			buildConfigurationList = 281C006F18B2FF0B0020C962 /* Build configuration list for PBXNativeTarget "Sample" */;
			buildPhases = (
				6A9B7A5C559AECD8097C4361 /* [CP] Check Pods Manifest.lock */,
				281C003F18B2FF0B0020C962 /* Sources */,
				281C004018B2FF0B0020C962 /* Frameworks */,
				281C004118B2FF0B0020C962 /* Resources */,
				F742B24D091191ED30D9CE38 /* [CP] Embed Pods Frameworks */,
				5B71DE2CC9BE5DF256A1475A /* [CP] Copy Pods Resources */,
			);
			buildRules = (
			);
			dependencies = (
			);
			name = Sample;
			productName = Sample;
			productReference = 281C004318B2FF0B0020C962 /* Sample.app */;
			productType = "com.apple.product-type.application";
		};
		281C005D18B2FF0B0020C962 /* SampleTests */ = {
			isa = PBXNativeTarget;
			buildConfigurationList = 281C007218B2FF0B0020C962 /* Build configuration list for PBXNativeTarget "SampleTests" */;
			buildPhases = (
				281C005A18B2FF0B0020C962 /* Sources */,
				281C005B18B2FF0B0020C962 /* Frameworks */,
				281C005C18B2FF0B0020C962 /* Resources */,
			);
			buildRules = (
			);
			dependencies = (
				281C006418B2FF0B0020C962 /* PBXTargetDependency */,
			);
			name = SampleTests;
			productName = SampleTests;
			productReference = 281C005E18B2FF0B0020C962 /* SampleTests.xctest */;
			productType = "com.apple.product-type.bundle.unit-test";
		};
/* End PBXNativeTarget section */

/* Begin PBXProject section */
		281C003B18B2FF0B0020C962 /* Project object */ = {
			isa = PBXProject;
			attributes = {
				LastUpgradeCheck = 0510;
				ORGANIZATIONNAME = ValuePotion;
				TargetAttributes = {
					281C004218B2FF0B0020C962 = {
						DevelopmentTeam = R3YN3D3567;
					};
					281C005D18B2FF0B0020C962 = {
						TestTargetID = 281C004218B2FF0B0020C962;
					};
				};
			};
			buildConfigurationList = 281C003E18B2FF0B0020C962 /* Build configuration list for PBXProject "Sample" */;
			compatibilityVersion = "Xcode 3.2";
			developmentRegion = English;
			hasScannedForEncodings = 0;
			knownRegions = (
				en,
			);
			mainGroup = 281C003A18B2FF0B0020C962;
			productRefGroup = 281C004418B2FF0B0020C962 /* Products */;
			projectDirPath = "";
			projectRoot = "";
			targets = (
				281C004218B2FF0B0020C962 /* Sample */,
				281C005D18B2FF0B0020C962 /* SampleTests */,
			);
		};
/* End PBXProject section */

/* Begin PBXResourcesBuildPhase section */
		281C004118B2FF0B0020C962 /* Resources */ = {
			isa = PBXResourcesBuildPhase;
			buildActionMask = 2147483647;
			files = (
				281C005118B2FF0B0020C962 /* InfoPlist.strings in Resources */,
				281C007C18B2FFDC0020C962 /* MainViewController.xib in Resources */,
				281C005918B2FF0B0020C962 /* Images.xcassets in Resources */,
			);
			runOnlyForDeploymentPostprocessing = 0;
		};
		281C005C18B2FF0B0020C962 /* Resources */ = {
			isa = PBXResourcesBuildPhase;
			buildActionMask = 2147483647;
			files = (
				281C006A18B2FF0B0020C962 /* InfoPlist.strings in Resources */,
			);
			runOnlyForDeploymentPostprocessing = 0;
		};
/* End PBXResourcesBuildPhase section */

/* Begin PBXShellScriptBuildPhase section */
		5B71DE2CC9BE5DF256A1475A /* [CP] Copy Pods Resources */ = {
			isa = PBXShellScriptBuildPhase;
			buildActionMask = 2147483647;
			files = (
			);
			inputPaths = (
			);
			name = "[CP] Copy Pods Resources";
			outputPaths = (
			);
			runOnlyForDeploymentPostprocessing = 0;
			shellPath = /bin/sh;
			shellScript = "\"${SRCROOT}/Pods/Target Support Files/Pods-Sample/Pods-Sample-resources.sh\"\n";
			showEnvVarsInLog = 0;
		};
		6A9B7A5C559AECD8097C4361 /* [CP] Check Pods Manifest.lock */ = {
			isa = PBXShellScriptBuildPhase;
			buildActionMask = 2147483647;
			files = (
			);
			inputPaths = (
			);
			name = "[CP] Check Pods Manifest.lock";
			outputPaths = (
			);
			runOnlyForDeploymentPostprocessing = 0;
			shellPath = /bin/sh;
			shellScript = "diff \"${PODS_ROOT}/../Podfile.lock\" \"${PODS_ROOT}/Manifest.lock\" > /dev/null\nif [[ $? != 0 ]] ; then\n    cat << EOM\nerror: The sandbox is not in sync with the Podfile.lock. Run 'pod install' or update your CocoaPods installation.\nEOM\n    exit 1\nfi\n";
			showEnvVarsInLog = 0;
		};
		F742B24D091191ED30D9CE38 /* [CP] Embed Pods Frameworks */ = {
			isa = PBXShellScriptBuildPhase;
			buildActionMask = 2147483647;
			files = (
			);
			inputPaths = (
			);
			name = "[CP] Embed Pods Frameworks";
			outputPaths = (
			);
			runOnlyForDeploymentPostprocessing = 0;
			shellPath = /bin/sh;
			shellScript = "\"${SRCROOT}/Pods/Target Support Files/Pods-Sample/Pods-Sample-frameworks.sh\"\n";
			showEnvVarsInLog = 0;
		};
/* End PBXShellScriptBuildPhase section */

/* Begin PBXSourcesBuildPhase section */
		281C003F18B2FF0B0020C962 /* Sources */ = {
			isa = PBXSourcesBuildPhase;
			buildActionMask = 2147483647;
			files = (
				281C005718B2FF0B0020C962 /* AppDelegate.m in Sources */,
				281C007B18B2FFDC0020C962 /* MainViewController.m in Sources */,
				281C005318B2FF0B0020C962 /* main.m in Sources */,
			);
			runOnlyForDeploymentPostprocessing = 0;
		};
		281C005A18B2FF0B0020C962 /* Sources */ = {
			isa = PBXSourcesBuildPhase;
			buildActionMask = 2147483647;
			files = (
				281C006C18B2FF0B0020C962 /* SampleTests.m in Sources */,
			);
			runOnlyForDeploymentPostprocessing = 0;
		};
/* End PBXSourcesBuildPhase section */

/* Begin PBXTargetDependency section */
		281C006418B2FF0B0020C962 /* PBXTargetDependency */ = {
			isa = PBXTargetDependency;
			target = 281C004218B2FF0B0020C962 /* Sample */;
			targetProxy = 281C006318B2FF0B0020C962 /* PBXContainerItemProxy */;
		};
/* End PBXTargetDependency section */

/* Begin PBXVariantGroup section */
		281C004F18B2FF0B0020C962 /* InfoPlist.strings */ = {
			isa = PBXVariantGroup;
			children = (
				281C005018B2FF0B0020C962 /* en */,
			);
			name = InfoPlist.strings;
			sourceTree = "<group>";
		};
		281C006818B2FF0B0020C962 /* InfoPlist.strings */ = {
			isa = PBXVariantGroup;
			children = (
				281C006918B2FF0B0020C962 /* en */,
			);
			name = InfoPlist.strings;
			sourceTree = "<group>";
		};
/* End PBXVariantGroup section */

/* Begin XCBuildConfiguration section */
		281C006D18B2FF0B0020C962 /* Debug */ = {
			isa = XCBuildConfiguration;
			buildSettings = {
				ALWAYS_SEARCH_USER_PATHS = NO;
				CLANG_CXX_LANGUAGE_STANDARD = "gnu++0x";
				CLANG_CXX_LIBRARY = "libc++";
				CLANG_ENABLE_MODULES = YES;
				CLANG_ENABLE_OBJC_ARC = YES;
				CLANG_WARN_BOOL_CONVERSION = YES;
				CLANG_WARN_CONSTANT_CONVERSION = YES;
				CLANG_WARN_DIRECT_OBJC_ISA_USAGE = YES_ERROR;
				CLANG_WARN_EMPTY_BODY = YES;
				CLANG_WARN_ENUM_CONVERSION = YES;
				CLANG_WARN_INT_CONVERSION = YES;
				CLANG_WARN_OBJC_ROOT_CLASS = YES_ERROR;
				CLANG_WARN__DUPLICATE_METHOD_MATCH = YES;
				"CODE_SIGN_IDENTITY[sdk=iphoneos*]" = "iPhone Developer";
				COPY_PHASE_STRIP = NO;
				GCC_C_LANGUAGE_STANDARD = gnu99;
				GCC_DYNAMIC_NO_PIC = NO;
				GCC_OPTIMIZATION_LEVEL = 0;
				GCC_PREPROCESSOR_DEFINITIONS = (
					"DEBUG=1",
					"$(inherited)",
				);
				GCC_SYMBOLS_PRIVATE_EXTERN = NO;
				GCC_WARN_64_TO_32_BIT_CONVERSION = YES;
				GCC_WARN_ABOUT_RETURN_TYPE = YES_ERROR;
				GCC_WARN_UNDECLARED_SELECTOR = YES;
				GCC_WARN_UNINITIALIZED_AUTOS = YES;
				GCC_WARN_UNUSED_FUNCTION = YES;
				GCC_WARN_UNUSED_VARIABLE = YES;
				IPHONEOS_DEPLOYMENT_TARGET = 7.0;
				ONLY_ACTIVE_ARCH = YES;
				SDKROOT = iphoneos;
				TARGETED_DEVICE_FAMILY = "1,2";
			};
			name = Debug;
		};
		281C006E18B2FF0B0020C962 /* Release */ = {
			isa = XCBuildConfiguration;
			buildSettings = {
				ALWAYS_SEARCH_USER_PATHS = NO;
				CLANG_CXX_LANGUAGE_STANDARD = "gnu++0x";
				CLANG_CXX_LIBRARY = "libc++";
				CLANG_ENABLE_MODULES = YES;
				CLANG_ENABLE_OBJC_ARC = YES;
				CLANG_WARN_BOOL_CONVERSION = YES;
				CLANG_WARN_CONSTANT_CONVERSION = YES;
				CLANG_WARN_DIRECT_OBJC_ISA_USAGE = YES_ERROR;
				CLANG_WARN_EMPTY_BODY = YES;
				CLANG_WARN_ENUM_CONVERSION = YES;
				CLANG_WARN_INT_CONVERSION = YES;
				CLANG_WARN_OBJC_ROOT_CLASS = YES_ERROR;
				CLANG_WARN__DUPLICATE_METHOD_MATCH = YES;
				"CODE_SIGN_IDENTITY[sdk=iphoneos*]" = "iPhone Developer";
				COPY_PHASE_STRIP = YES;
				ENABLE_NS_ASSERTIONS = NO;
				GCC_C_LANGUAGE_STANDARD = gnu99;
				GCC_WARN_64_TO_32_BIT_CONVERSION = YES;
				GCC_WARN_ABOUT_RETURN_TYPE = YES_ERROR;
				GCC_WARN_UNDECLARED_SELECTOR = YES;
				GCC_WARN_UNINITIALIZED_AUTOS = YES;
				GCC_WARN_UNUSED_FUNCTION = YES;
				GCC_WARN_UNUSED_VARIABLE = YES;
				IPHONEOS_DEPLOYMENT_TARGET = 7.0;
				SDKROOT = iphoneos;
				TARGETED_DEVICE_FAMILY = "1,2";
				VALIDATE_PRODUCT = YES;
			};
			name = Release;
		};
		281C007018B2FF0B0020C962 /* Debug */ = {
			isa = XCBuildConfiguration;
			baseConfigurationReference = 26DBD966F4B5E7D82C2CA6E4 /* Pods-Sample.debug.xcconfig */;
			buildSettings = {
				ASSETCATALOG_COMPILER_APPICON_NAME = AppIcon;
				ASSETCATALOG_COMPILER_LAUNCHIMAGE_NAME = LaunchImage;
				CODE_SIGN_IDENTITY = "iPhone Developer";
				GCC_PRECOMPILE_PREFIX_HEADER = YES;
				GCC_PREFIX_HEADER = "Sample/Sample-Prefix.pch";
				INFOPLIST_FILE = "Sample/Sample-Info.plist";
				IPHONEOS_DEPLOYMENT_TARGET = 6.0;
				ONLY_ACTIVE_ARCH = NO;
				OTHER_LDFLAGS = (
					"$(inherited)",
					"-ObjC",
				);
				PRODUCT_NAME = "$(TARGET_NAME)";
				WRAPPER_EXTENSION = app;
			};
			name = Debug;
		};
		281C007118B2FF0B0020C962 /* Release */ = {
			isa = XCBuildConfiguration;
			baseConfigurationReference = 590AD77950BA4EE08E31DB4D /* Pods-Sample.release.xcconfig */;
			buildSettings = {
				ASSETCATALOG_COMPILER_APPICON_NAME = AppIcon;
				ASSETCATALOG_COMPILER_LAUNCHIMAGE_NAME = LaunchImage;
				CODE_SIGN_IDENTITY = "iPhone Developer";
				GCC_PRECOMPILE_PREFIX_HEADER = YES;
				GCC_PREFIX_HEADER = "Sample/Sample-Prefix.pch";
				INFOPLIST_FILE = "Sample/Sample-Info.plist";
				IPHONEOS_DEPLOYMENT_TARGET = 6.0;
				OTHER_LDFLAGS = (
					"$(inherited)",
					"-ObjC",
				);
				PRODUCT_NAME = "$(TARGET_NAME)";
				WRAPPER_EXTENSION = app;
			};
			name = Release;
		};
		281C007318B2FF0B0020C962 /* Debug */ = {
			isa = XCBuildConfiguration;
			buildSettings = {
				BUNDLE_LOADER = "$(BUILT_PRODUCTS_DIR)/Sample.app/Sample";
				FRAMEWORK_SEARCH_PATHS = (
					"$(SDKROOT)/Developer/Library/Frameworks",
					"$(inherited)",
					"$(DEVELOPER_FRAMEWORKS_DIR)",
				);
				GCC_PRECOMPILE_PREFIX_HEADER = YES;
				GCC_PREFIX_HEADER = "Sample/Sample-Prefix.pch";
				GCC_PREPROCESSOR_DEFINITIONS = (
					"DEBUG=1",
					"$(inherited)",
				);
				INFOPLIST_FILE = "SampleTests/SampleTests-Info.plist";
				PRODUCT_NAME = "$(TARGET_NAME)";
				TEST_HOST = "$(BUNDLE_LOADER)";
				WRAPPER_EXTENSION = xctest;
			};
			name = Debug;
		};
		281C007418B2FF0B0020C962 /* Release */ = {
			isa = XCBuildConfiguration;
			buildSettings = {
				BUNDLE_LOADER = "$(BUILT_PRODUCTS_DIR)/Sample.app/Sample";
				FRAMEWORK_SEARCH_PATHS = (
					"$(SDKROOT)/Developer/Library/Frameworks",
					"$(inherited)",
					"$(DEVELOPER_FRAMEWORKS_DIR)",
				);
				GCC_PRECOMPILE_PREFIX_HEADER = YES;
				GCC_PREFIX_HEADER = "Sample/Sample-Prefix.pch";
				INFOPLIST_FILE = "SampleTests/SampleTests-Info.plist";
				PRODUCT_NAME = "$(TARGET_NAME)";
				TEST_HOST = "$(BUNDLE_LOADER)";
				WRAPPER_EXTENSION = xctest;
			};
			name = Release;
		};
/* End XCBuildConfiguration section */

/* Begin XCConfigurationList section */
		281C003E18B2FF0B0020C962 /* Build configuration list for PBXProject "Sample" */ = {
			isa = XCConfigurationList;
			buildConfigurations = (
				281C006D18B2FF0B0020C962 /* Debug */,
				281C006E18B2FF0B0020C962 /* Release */,
			);
			defaultConfigurationIsVisible = 0;
			defaultConfigurationName = Release;
		};
		281C006F18B2FF0B0020C962 /* Build configuration list for PBXNativeTarget "Sample" */ = {
			isa = XCConfigurationList;
			buildConfigurations = (
				281C007018B2FF0B0020C962 /* Debug */,
				281C007118B2FF0B0020C962 /* Release */,
			);
			defaultConfigurationIsVisible = 0;
			defaultConfigurationName = Release;
		};
		281C007218B2FF0B0020C962 /* Build configuration list for PBXNativeTarget "SampleTests" */ = {
			isa = XCConfigurationList;
			buildConfigurations = (
				281C007318B2FF0B0020C962 /* Debug */,
				281C007418B2FF0B0020C962 /* Release */,
			);
			defaultConfigurationIsVisible = 0;
			defaultConfigurationName = Release;
		};
/* End XCConfigurationList section */
	};
	rootObject = 281C003B18B2FF0B0020C962 /* Project object */;
}
